Microsoft Visual Studio Solution File, Format Version 11.00
# Visual Studio 2008

Project("{D20D0805-050F-B48D-1D3A-E2774AE08762}") = "TDS-2k17", "Assembly-CSharp.csproj", "{8FEB898B-FFEB-8F6D-BD6F-FF30DF8F821E}"
EndProject
Global
	GlobalSection(SolutionConfigurationPlatforms) = preSolution
		Debug|Any CPU = Debug|Any CPU
		Release|Any CPU = Release|Any CPU
	EndGlobalSection
	GlobalSection(ProjectConfigurationPlatforms) = postSolution
		{8FEB898B-FFEB-8F6D-BD6F-FF30DF8F821E}.Debug|Any CPU.ActiveCfg = Debug|Any CPU
		{8FEB898B-FFEB-8F6D-BD6F-FF30DF8F821E}.Debug|Any CPU.Build.0 = Debug|Any CPU
		{8FEB898B-FFEB-8F6D-BD6F-FF30DF8F821E}.Release|Any CPU.ActiveCfg = Release|Any CPU
		{8FEB898B-FFEB-8F6D-BD6F-FF30DF8F821E}.Release|Any CPU.Build.0 = Release|Any CPU
	EndGlobalSection
	GlobalSection(SolutionProperties) = preSolution
		HideSolutionNode = FALSE
	EndGlobalSection
	GlobalSection(MonoDevelopProperties) = preSolution
		StartupItem = Assembly-CSharp.csproj
	EndGlobalSection
EndGlobal
